
Microsoft Visual Studio Solution File, Format Version 12.00
# Visual Studio Version 17
VisualStudioVersion = 17.1.32210.238
MinimumVisualStudioVersion = 10.0.40219.1
Project("{FAE04EC0-301F-11D3-BF4B-00C04F79EFBC}") = "PatelHiren-Assignment3", "PatelHiren-Assignment3\PatelHiren-Assignment3.csproj", "{5CF1EDFE-6D44-4054-BC46-3F5D1429BC10}"
EndProject
Global
	GlobalSection(SolutionConfigurationPlatforms) = preSolution
		Debug|Any CPU = Debug|Any CPU
		Release|Any CPU = Release|Any CPU
	EndGlobalSection
	GlobalSection(ProjectConfigurationPlatforms) = postSolution
		{5CF1EDFE-6D44-4054-BC46-3F5D1429BC10}.Debug|Any CPU.ActiveCfg = Debug|Any CPU
		{5CF1EDFE-6D44-4054-BC46-3F5D1429BC10}.Debug|Any CPU.Build.0 = Debug|Any CPU
		{5CF1EDFE-6D44-4054-BC46-3F5D1429BC10}.Release|Any CPU.ActiveCfg = Release|Any CPU
		{5CF1EDFE-6D44-4054-BC46-3F5D1429BC10}.Release|Any CPU.Build.0 = Release|Any CPU
	EndGlobalSection
	GlobalSection(SolutionProperties) = preSolution
		HideSolutionNode = FALSE
	EndGlobalSection
	GlobalSection(ExtensibilityGlobals) = postSolution
		SolutionGuid = {43E46C0D-0581-49C3-9909-FC4EF0F1C5D5}
	EndGlobalSection
EndGlobal
